{
  "requires": true,
  "lockfileVersion": 1,
  "dependencies": {
    "exif-parser": {
      "version": "0.1.12",
      "resolved": "https://registry.npmjs.org/exif-parser/-/exif-parser-0.1.12.tgz",
      "integrity": "sha1-WKnS1ywCwfbwKg70qRZicrd2CSI="
    },
    "iconv-lite": {
      "version": "0.4.24",
      "resolved": "https://registry.npmjs.org/iconv-lite/-/iconv-lite-0.4.24.tgz",
      "integrity": "sha512-v3MXnZAcvnywkTUEZomIActle7RXXeedOR31wwl7VlyoXO4Qi9arvSenNQWne1TcRwhCL1HwLI21bEqdpj8/rA==",
      "requires": {
        "safer-buffer": ">= 2.1.2 < 3"
      }
    },
    "node-id3": {
      "version": "0.1.7",
      "resolved": "https://registry.npmjs.org/node-id3/-/node-id3-0.1.7.tgz",
      "integrity": "sha512-jO2ulRv9yUhW3W4VItwDKxY8pP0Z4vMqG+pMVZHwWqEv9WoVRqipoCzzOja2Jl6xvhUikRL5AafTs+tlgnNlCg==",
      "requires": {
        "iconv-lite": "^0.4.15"
      }
    },
    "safer-buffer": {
      "version": "2.1.2",
      "resolved": "https://registry.npmjs.org/safer-buffer/-/safer-buffer-2.1.2.tgz",
      "integrity": "sha512-YZo3K82SD7Riyi0E1EQPojLz7kpepnSQI9IyPbHHg1XXXevb5dJI7tpyN2ADxGcQbHG7vcyRHk0cbwqcQriUtg=="
    }
  }
}
